
Microsoft Visual Studio Solution File, Format Version 12.00
# Visual Studio Version 16
VisualStudioVersion = 16.0.33328.57
MinimumVisualStudioVersion = 10.0.40219.1
Project("{FAE04EC0-301F-11D3-BF4B-00C04F79EFBC}") = "Project1", "Project1\Project1.csproj", "{9B3346A7-6DC0-4381-903D-201561766F14}"
EndProject
Global
	GlobalSection(SolutionConfigurationPlatforms) = preSolution
		Debug|Any CPU = Debug|Any CPU
		Release|Any CPU = Release|Any CPU
	EndGlobalSection
	GlobalSection(ProjectConfigurationPlatforms) = postSolution
		{9B3346A7-6DC0-4381-903D-201561766F14}.Debug|Any CPU.ActiveCfg = Debug|Any CPU
		{9B3346A7-6DC0-4381-903D-201561766F14}.Debug|Any CPU.Build.0 = Debug|Any CPU
		{9B3346A7-6DC0-4381-903D-201561766F14}.Release|Any CPU.ActiveCfg = Release|Any CPU
		{9B3346A7-6DC0-4381-903D-201561766F14}.Release|Any CPU.Build.0 = Release|Any CPU
	EndGlobalSection
	GlobalSection(SolutionProperties) = preSolution
		HideSolutionNode = FALSE
	EndGlobalSection
	GlobalSection(ExtensibilityGlobals) = postSolution
		SolutionGuid = {9EE12464-7189-4DED-8A4D-AF90B584ADDB}
	EndGlobalSection
EndGlobal
