
Microsoft Visual Studio Solution File, Format Version 12.00
# Visual Studio Version 16
VisualStudioVersion = 16.0.33423.256
MinimumVisualStudioVersion = 10.0.40219.1
Project("{FAE04EC0-301F-11D3-BF4B-00C04F79EFBC}") = "LAB08", "LAB08\LAB08.csproj", "{F2208CD0-2B89-4DE5-A754-DC613BA5E641}"
EndProject
Global
	GlobalSection(SolutionConfigurationPlatforms) = preSolution
		Debug|Any CPU = Debug|Any CPU
		Release|Any CPU = Release|Any CPU
	EndGlobalSection
	GlobalSection(ProjectConfigurationPlatforms) = postSolution
		{F2208CD0-2B89-4DE5-A754-DC613BA5E641}.Debug|Any CPU.ActiveCfg = Debug|Any CPU
		{F2208CD0-2B89-4DE5-A754-DC613BA5E641}.Debug|Any CPU.Build.0 = Debug|Any CPU
		{F2208CD0-2B89-4DE5-A754-DC613BA5E641}.Release|Any CPU.ActiveCfg = Release|Any CPU
		{F2208CD0-2B89-4DE5-A754-DC613BA5E641}.Release|Any CPU.Build.0 = Release|Any CPU
	EndGlobalSection
	GlobalSection(SolutionProperties) = preSolution
		HideSolutionNode = FALSE
	EndGlobalSection
	GlobalSection(ExtensibilityGlobals) = postSolution
		SolutionGuid = {8989FF3E-B745-41C8-8C2E-ACD0382ADCBA}
	EndGlobalSection
EndGlobal
